
Microsoft Visual Studio Solution File, Format Version 12.00
# Visual Studio Version 17
VisualStudioVersion = 17.4.33103.184
MinimumVisualStudioVersion = 10.0.40219.1
Project("{FAE04EC0-301F-11D3-BF4B-00C04F79EFBC}") = "pls", "pls\pls.csproj", "{797E18C3-C331-4540-BFDA-07BA1A0C745A}"
EndProject
Global
	GlobalSection(SolutionConfigurationPlatforms) = preSolution
		Debug|Any CPU = Debug|Any CPU
		Release|Any CPU = Release|Any CPU
	EndGlobalSection
	GlobalSection(ProjectConfigurationPlatforms) = postSolution
		{797E18C3-C331-4540-BFDA-07BA1A0C745A}.Debug|Any CPU.ActiveCfg = Debug|Any CPU
		{797E18C3-C331-4540-BFDA-07BA1A0C745A}.Debug|Any CPU.Build.0 = Debug|Any CPU
		{797E18C3-C331-4540-BFDA-07BA1A0C745A}.Release|Any CPU.ActiveCfg = Release|Any CPU
		{797E18C3-C331-4540-BFDA-07BA1A0C745A}.Release|Any CPU.Build.0 = Release|Any CPU
	EndGlobalSection
	GlobalSection(SolutionProperties) = preSolution
		HideSolutionNode = FALSE
	EndGlobalSection
	GlobalSection(ExtensibilityGlobals) = postSolution
		SolutionGuid = {841C214F-3782-47B1-BCE9-6993877C804D}
	EndGlobalSection
EndGlobal
